<?xml version="1.0" encoding="utf-8"?>
<Project ToolsVersion="4.0" xmlns="http://schemas.microsoft.com/developer/msbuild/2003">
  <ItemGroup>
    <Filter Include="Source Files">
      <UniqueIdentifier>{4FC737F1-C7A5-4376-A066-2A32D752A2FF}</UniqueIdentifier>
      <Extensions>cpp;c;cc;cxx;def;odl;idl;hpj;bat;asm;asmx</Extensions>
    </Filter>
    <Filter Include="Header Files">
      <UniqueIdentifier>{93995380-89BD-4b04-88EB-625FBE52EBFB}</UniqueIdentifier>
      <Extensions>h;hpp;hxx;hm;inl;inc;xsd</Extensions>
    </Filter>
    <Filter Include="Resource Files">
      <UniqueIdentifier>{67DA6AB6-F800-4c08-8B7A-83BB121AAD01}</UniqueIdentifier>
      <Extensions>rc;ico;cur;bmp;dlg;rc2;rct;bin;rgs;gif;jpg;jpeg;jpe;resx;tiff;tif;png;wav</Extensions>
    </Filter>
  </ItemGroup>
  <ItemGroup>
    <ClCompile Include="..\asmexception.cpp">
      <Filter>Source Files</Filter>
    </ClCompile>
    <ClCompile Include="..\assemble.cpp">
      <Filter>Source Files</Filter>
    </ClCompile>
    <ClCompile Include="..\commands.cpp">
      <Filter>Source Files</Filter>
    </ClCompile>
    <ClCompile Include="..\discimage.cpp">
      <Filter>Source Files</Filter>
    </ClCompile>
    <ClCompile Include="..\expression.cpp">
      <Filter>Source Files</Filter>
    </ClCompile>
    <ClCompile Include="..\globaldata.cpp">
      <Filter>Source Files</Filter>
    </ClCompile>
    <ClCompile Include="..\lineparser.cpp">
      <Filter>Source Files</Filter>
    </ClCompile>
    <ClCompile Include="..\main.cpp">
      <Filter>Source Files</Filter>
    </ClCompile>
    <ClCompile Include="..\objectcode.cpp">
      <Filter>Source Files</Filter>
    </ClCompile>
    <ClCompile Include="..\sourcefile.cpp">
      <Filter>Source Files</Filter>
    </ClCompile>
    <ClCompile Include="..\stringutils.cpp">
      <Filter>Source Files</Filter>
    </ClCompile>
    <ClCompile Include="..\symboltable.cpp">
      <Filter>Source Files</Filter>
    </ClCompile>
    <ClCompile Include="..\BASIC.cpp">
      <Filter>Source Files</Filter>
    </ClCompile>
    <ClCompile Include="..\macro.cpp">
      <Filter>Source Files</Filter>
    </ClCompile>
    <ClCompile Include="..\sourcecode.cpp">
      <Filter>Source Files</Filter>
    </ClCompile>
    <ClCompile Include="..\random.cpp">
      <Filter>Source Files</Filter>
    </ClCompile>
  </ItemGroup>
  <ItemGroup>
    <ClInclude Include="..\asmexception.h">
      <Filter>Header Files</Filter>
    </ClInclude>
    <ClInclude Include="..\discimage.h">
      <Filter>Header Files</Filter>
    </ClInclude>
    <ClInclude Include="..\globaldata.h">
      <Filter>Header Files</Filter>
    </ClInclude>
    <ClInclude Include="..\lineparser.h">
      <Filter>Header Files</Filter>
    </ClInclude>
    <ClInclude Include="..\main.h">
      <Filter>Header Files</Filter>
    </ClInclude>
    <ClInclude Include="..\objectcode.h">
      <Filter>Header Files</Filter>
    </ClInclude>
    <ClInclude Include="..\sourcefile.h">
      <Filter>Header Files</Filter>
    </ClInclude>
    <ClInclude Include="..\stringutils.h">
      <Filter>Header Files</Filter>
    </ClInclude>
    <ClInclude Include="..\symboltable.h">
      <Filter>Header Files</Filter>
    </ClInclude>
    <ClInclude Include="..\BASIC.h">
      <Filter>Header Files</Filter>
    </ClInclude>
    <ClInclude Include="..\macro.h">
      <Filter>Header Files</Filter>
    </ClInclude>
    <ClInclude Include="..\sourcecode.h">
      <Filter>Header Files</Filter>
    </ClInclude>
    <ClInclude Include="..\random.h">
      <Filter>Header Files</Filter>
    </ClInclude>
  </ItemGroup>
</Project>